
Microsoft Visual Studio Solution File, Format Version 12.00
# Visual Studio Version 16
VisualStudioVersion = 16.0.31105.61
MinimumVisualStudioVersion = 10.0.40219.1
Project("{FAE04EC0-301F-11D3-BF4B-00C04F79EFBC}") = "Gitshurp", "Gitshurp\Gitshurp.csproj", "{FDB846FB-1458-482A-BDB3-269A0E3A216C}"
EndProject
Global
	GlobalSection(SolutionConfigurationPlatforms) = preSolution
		Debug|Any CPU = Debug|Any CPU
		Release|Any CPU = Release|Any CPU
	EndGlobalSection
	GlobalSection(ProjectConfigurationPlatforms) = postSolution
		{FDB846FB-1458-482A-BDB3-269A0E3A216C}.Debug|Any CPU.ActiveCfg = Debug|Any CPU
		{FDB846FB-1458-482A-BDB3-269A0E3A216C}.Debug|Any CPU.Build.0 = Debug|Any CPU
		{FDB846FB-1458-482A-BDB3-269A0E3A216C}.Release|Any CPU.ActiveCfg = Release|Any CPU
		{FDB846FB-1458-482A-BDB3-269A0E3A216C}.Release|Any CPU.Build.0 = Release|Any CPU
	EndGlobalSection
	GlobalSection(SolutionProperties) = preSolution
		HideSolutionNode = FALSE
	EndGlobalSection
	GlobalSection(ExtensibilityGlobals) = postSolution
		SolutionGuid = {C038ABF4-E356-432C-8D65-A1B2315404CE}
	EndGlobalSection
EndGlobal
